// !$*UTF8*$!
{
	archiveVersion = 1;
	classes = {
	};
	objectVersion = 46;
	objects = {

/* Begin PBXBuildFile section */
		7EF55DA21CD30E8A00BC51E9 /* AppDelegate.swift in Sources */ = {isa = PBXBuildFile; fileRef = 7EF55DA11CD30E8A00BC51E9 /* AppDelegate.swift */; };
		7EF55DA41CD30E8A00BC51E9 /* ViewController.swift in Sources */ = {isa = PBXBuildFile; fileRef = 7EF55DA31CD30E8A00BC51E9 /* ViewController.swift */; };
		7EF55DA71CD30E8A00BC51E9 /* Main.storyboard in Resources */ = {isa = PBXBuildFile; fileRef = 7EF55DA51CD30E8A00BC51E9 /* Main.storyboard */; };
		7EF55DA91CD30E8A00BC51E9 /* Assets.xcassets in Resources */ = {isa = PBXBuildFile; fileRef = 7EF55DA81CD30E8A00BC51E9 /* Assets.xcassets */; };
		7EF55DAC1CD30E8A00BC51E9 /* LaunchScreen.storyboard in Resources */ = {isa = PBXBuildFile; fileRef = 7EF55DAA1CD30E8A00BC51E9 /* LaunchScreen.storyboard */; };
/* End PBXBuildFile section */

/* Begin PBXFileReference section */
		7EF55D9E1CD30E8A00BC51E9 /* ColorTapss.app */ = {isa = PBXFileReference; explicitFileType = wrapper.application; includeInIndex = 0; path = ColorTapss.app; sourceTree = BUILT_PRODUCTS_DIR; };
		7EF55DA11CD30E8A00BC51E9 /* AppDelegate.swift */ = {isa = PBXFileReference; lastKnownFileType = sourcecode.swift; path = AppDelegate.swift; sourceTree = "<group>"; };
		7EF55DA31CD30E8A00BC51E9 /* ViewController.swift */ = {isa = PBXFileReference; lastKnownFileType = sourcecode.swift; path = ViewController.swift; sourceTree = "<group>"; };
		7EF55DA61CD30E8A00BC51E9 /* Base */ = {isa = PBXFileReference; lastKnownFileType = file.storyboard; name = Base; path = Base.lproj/Main.storyboard; sourceTree = "<group>"; };
		7EF55DA81CD30E8A00BC51E9 /* Assets.xcassets */ = {isa = PBXFileReference; lastKnownFileType = folder.assetcatalog; path = Assets.xcassets; sourceTree = "<group>"; };
		7EF55DAB1CD30E8A00BC51E9 /* Base */ = {isa = PBXFileReference; lastKnownFileType = file.storyboard; name = Base; path = Base.lproj/LaunchScreen.storyboard; sourceTree = "<group>"; };
		7EF55DAD1CD30E8A00BC51E9 /* Info.plist */ = {isa = PBXFileReference; lastKnownFileType = text.plist.xml; path = Info.plist; sourceTree = "<group>"; };
/* End PBXFileReference section */

/* Begin PBXFrameworksBuildPhase section */
		7EF55D9B1CD30E8A00BC51E9 /* Frameworks */ = {
			isa = PBXFrameworksBuildPhase;
			buildActionMask = 2147483647;
			files = (
			);
			runOnlyForDeploymentPostprocessing = 0;
		};
/* End PBXFrameworksBuildPhase section */

/* Begin PBXGroup section */
		7EF55D951CD30E8A00BC51E9 = {
			isa = PBXGroup;
			children = (
				7EF55DA01CD30E8A00BC51E9 /* ColorTapss */,
				7EF55D9F1CD30E8A00BC51E9 /* Products */,
			);
			sourceTree = "<group>";
		};
		7EF55D9F1CD30E8A00BC51E9 /* Products */ = {
			isa = PBXGroup;
			children = (
				7EF55D9E1CD30E8A00BC51E9 /* ColorTapss.app */,
			);
			name = Products;
			sourceTree = "<group>";
		};
		7EF55DA01CD30E8A00BC51E9 /* ColorTapss */ = {
			isa = PBXGroup;
			children = (
				7EF55DA11CD30E8A00BC51E9 /* AppDelegate.swift */,
				7EF55DA31CD30E8A00BC51E9 /* ViewController.swift */,
				7EF55DA51CD30E8A00BC51E9 /* Main.storyboard */,
				7EF55DA81CD30E8A00BC51E9 /* Assets.xcassets */,
				7EF55DAA1CD30E8A00BC51E9 /* LaunchScreen.storyboard */,
				7EF55DAD1CD30E8A00BC51E9 /* Info.plist */,
			);
			path = ColorTapss;
			sourceTree = "<group>";
		};
/* End PBXGroup section */

/* Begin PBXNativeTarget section */
		7EF55D9D1CD30E8A00BC51E9 /* ColorTapss */ = {
			isa = PBXNativeTarget;
			buildConfigurationList = 7EF55DB01CD30E8A00BC51E9 /* Build configuration list for PBXNativeTarget "ColorTapss" */;
			buildPhases = (
				7EF55D9A1CD30E8A00BC51E9 /* Sources */,
				7EF55D9B1CD30E8A00BC51E9 /* Frameworks */,
				7EF55D9C1CD30E8A00BC51E9 /* Resources */,
			);
			buildRules = (
			);
			dependencies = (
			);
			name = ColorTapss;
			productName = ColorTapss;
			productReference = 7EF55D9E1CD30E8A00BC51E9 /* ColorTapss.app */;
			productType = "com.apple.product-type.application";
		};
/* End PBXNativeTarget section */

/* Begin PBXProject section */
		7EF55D961CD30E8A00BC51E9 /* Project object */ = {
			isa = PBXProject;
			attributes = {
				LastSwiftUpdateCheck = 0730;
				LastUpgradeCheck = 0730;
				ORGANIZATIONNAME = "Good Rock Apps LLC";
				TargetAttributes = {
					7EF55D9D1CD30E8A00BC51E9 = {
						CreatedOnToolsVersion = 7.3;
					};
				};
			};
			buildConfigurationList = 7EF55D991CD30E8A00BC51E9 /* Build configuration list for PBXProject "ColorTapss" */;
			compatibilityVersion = "Xcode 3.2";
			developmentRegion = English;
			hasScannedForEncodings = 0;
			knownRegions = (
				en,
				Base,
			);
			mainGroup = 7EF55D951CD30E8A00BC51E9;
			productRefGroup = 7EF55D9F1CD30E8A00BC51E9 /* Products */;
			projectDirPath = "";
			projectRoot = "";
			targets = (
				7EF55D9D1CD30E8A00BC51E9 /* ColorTapss */,
			);
		};
/* End PBXProject section */

/* Begin PBXResourcesBuildPhase section */
		7EF55D9C1CD30E8A00BC51E9 /* Resources */ = {
			isa = PBXResourcesBuildPhase;
			buildActionMask = 2147483647;
			files = (
				7EF55DAC1CD30E8A00BC51E9 /* LaunchScreen.storyboard in Resources */,
				7EF55DA91CD30E8A00BC51E9 /* Assets.xcassets in Resources */,
				7EF55DA71CD30E8A00BC51E9 /* Main.storyboard in Resources */,
			);
			runOnlyForDeploymentPostprocessing = 0;
		};
/* End PBXResourcesBuildPhase section */

/* Begin PBXSourcesBuildPhase section */
		7EF55D9A1CD30E8A00BC51E9 /* Sources */ = {
			isa = PBXSourcesBuildPhase;
			buildActionMask = 2147483647;
			files = (
				7EF55DA41CD30E8A00BC51E9 /* ViewController.swift in Sources */,
				7EF55DA21CD30E8A00BC51E9 /* AppDelegate.swift in Sources */,
			);
			runOnlyForDeploymentPostprocessing = 0;
		};
/* End PBXSourcesBuildPhase section */

/* Begin PBXVariantGroup section */
		7EF55DA51CD30E8A00BC51E9 /* Main.storyboard */ = {
			isa = PBXVariantGroup;
			children = (
				7EF55DA61CD30E8A00BC51E9 /* Base */,
			);
			name = Main.storyboard;
			sourceTree = "<group>";
		};
		7EF55DAA1CD30E8A00BC51E9 /* LaunchScreen.storyboard */ = {
			isa = PBXVariantGroup;
			children = (
				7EF55DAB1CD30E8A00BC51E9 /* Base */,
			);
			name = LaunchScreen.storyboard;
			sourceTree = "<group>";
		};
/* End PBXVariantGroup section */

/* Begin XCBuildConfiguration section */
		7EF55DAE1CD30E8A00BC51E9 /* Debug */ = {
			isa = XCBuildConfiguration;
			buildSettings = {
				ALWAYS_SEARCH_USER_PATHS = NO;
				CLANG_ANALYZER_NONNULL = YES;
				CLANG_CXX_LANGUAGE_STANDARD = "gnu++0x";
				CLANG_CXX_LIBRARY = "libc++";
				CLANG_ENABLE_MODULES = YES;
				CLANG_ENABLE_OBJC_ARC = YES;
				CLANG_WARN_BOOL_CONVERSION = YES;
				CLANG_WARN_CONSTANT_CONVERSION = YES;
				CLANG_WARN_DIRECT_OBJC_ISA_USAGE = YES_ERROR;
				CLANG_WARN_EMPTY_BODY = YES;
				CLANG_WARN_ENUM_CONVERSION = YES;
				CLANG_WARN_INT_CONVERSION = YES;
				CLANG_WARN_OBJC_ROOT_CLASS = YES_ERROR;
				CLANG_WARN_UNREACHABLE_CODE = YES;
				CLANG_WARN__DUPLICATE_METHOD_MATCH = YES;
				"CODE_SIGN_IDENTITY[sdk=iphoneos*]" = "iPhone Developer";
				COPY_PHASE_STRIP = NO;
				DEBUG_INFORMATION_FORMAT = dwarf;
				ENABLE_STRICT_OBJC_MSGSEND = YES;
				ENABLE_TESTABILITY = YES;
				GCC_C_LANGUAGE_STANDARD = gnu99;
				GCC_DYNAMIC_NO_PIC = NO;
				GCC_NO_COMMON_BLOCKS = YES;
				GCC_OPTIMIZATION_LEVEL = 0;
				GCC_PREPROCESSOR_DEFINITIONS = (
					"DEBUG=1",
					"$(inherited)",
				);
				GCC_WARN_64_TO_32_BIT_CONVERSION = YES;
				GCC_WARN_ABOUT_RETURN_TYPE = YES_ERROR;
				GCC_WARN_UNDECLARED_SELECTOR = YES;
				GCC_WARN_UNINITIALIZED_AUTOS = YES_AGGRESSIVE;
				GCC_WARN_UNUSED_FUNCTION = YES;
				GCC_WARN_UNUSED_VARIABLE = YES;
				IPHONEOS_DEPLOYMENT_TARGET = 9.3;
				MTL_ENABLE_DEBUG_INFO = YES;
				ONLY_ACTIVE_ARCH = YES;
				SDKROOT = iphoneos;
				SWIFT_OPTIMIZATION_LEVEL = "-Onone";
			};
			name = Debug;
		};
		7EF55DAF1CD30E8A00BC51E9 /* Release */ = {
			isa = XCBuildConfiguration;
			buildSettings = {
				ALWAYS_SEARCH_USER_PATHS = NO;
				CLANG_ANALYZER_NONNULL = YES;
				CLANG_CXX_LANGUAGE_STANDARD = "gnu++0x";
				CLANG_CXX_LIBRARY = "libc++";
				CLANG_ENABLE_MODULES = YES;
				CLANG_ENABLE_OBJC_ARC = YES;
				CLANG_WARN_BOOL_CONVERSION = YES;
				CLANG_WARN_CONSTANT_CONVERSION = YES;
				CLANG_WARN_DIRECT_OBJC_ISA_USAGE = YES_ERROR;
				CLANG_WARN_EMPTY_BODY = YES;
				CLANG_WARN_ENUM_CONVERSION = YES;
				CLANG_WARN_INT_CONVERSION = YES;
				CLANG_WARN_OBJC_ROOT_CLASS = YES_ERROR;
				CLANG_WARN_UNREACHABLE_CODE = YES;
				CLANG_WARN__DUPLICATE_METHOD_MATCH = YES;
				"CODE_SIGN_IDENTITY[sdk=iphoneos*]" = "iPhone Developer";
				COPY_PHASE_STRIP = NO;
				DEBUG_INFORMATION_FORMAT = "dwarf-with-dsym";
				ENABLE_NS_ASSERTIONS = NO;
				ENABLE_STRICT_OBJC_MSGSEND = YES;
				GCC_C_LANGUAGE_STANDARD = gnu99;
				GCC_NO_COMMON_BLOCKS = YES;
				GCC_WARN_64_TO_32_BIT_CONVERSION = YES;
				GCC_WARN_ABOUT_RETURN_TYPE = YES_ERROR;
				GCC_WARN_UNDECLARED_SELECTOR = YES;
				GCC_WARN_UNINITIALIZED_AUTOS = YES_AGGRESSIVE;
				GCC_WARN_UNUSED_FUNCTION = YES;
				GCC_WARN_UNUSED_VARIABLE = YES;
				IPHONEOS_DEPLOYMENT_TARGET = 9.3;
				MTL_ENABLE_DEBUG_INFO = NO;
				SDKROOT = iphoneos;
				VALIDATE_PRODUCT = YES;
			};
			name = Release;
		};
		7EF55DB11CD30E8A00BC51E9 /* Debug */ = {
			isa = XCBuildConfiguration;
			buildSettings = {
				ASSETCATALOG_COMPILER_APPICON_NAME = AppIcon;
				INFOPLIST_FILE = ColorTapss/Info.plist;
				LD_RUNPATH_SEARCH_PATHS = "$(inherited) @executable_path/Frameworks";
				PRODUCT_BUNDLE_IDENTIFIER = com.goodrockapps.ColorTapss;
				PRODUCT_NAME = "$(TARGET_NAME)";
			};
			name = Debug;
		};
		7EF55DB21CD30E8A00BC51E9 /* Release */ = {
			isa = XCBuildConfiguration;
			buildSettings = {
				ASSETCATALOG_COMPILER_APPICON_NAME = AppIcon;
				INFOPLIST_FILE = ColorTapss/Info.plist;
				LD_RUNPATH_SEARCH_PATHS = "$(inherited) @executable_path/Frameworks";
				PRODUCT_BUNDLE_IDENTIFIER = com.goodrockapps.ColorTapss;
				PRODUCT_NAME = "$(TARGET_NAME)";
			};
			name = Release;
		};
/* End XCBuildConfiguration section */

/* Begin XCConfigurationList section */
		7EF55D991CD30E8A00BC51E9 /* Build configuration list for PBXProject "ColorTapss" */ = {
			isa = XCConfigurationList;
			buildConfigurations = (
				7EF55DAE1CD30E8A00BC51E9 /* Debug */,
				7EF55DAF1CD30E8A00BC51E9 /* Release */,
			);
			defaultConfigurationIsVisible = 0;
			defaultConfigurationName = Release;
		};
		7EF55DB01CD30E8A00BC51E9 /* Build configuration list for PBXNativeTarget "ColorTapss" */ = {
			isa = XCConfigurationList;
			buildConfigurations = (
				7EF55DB11CD30E8A00BC51E9 /* Debug */,
				7EF55DB21CD30E8A00BC51E9 /* Release */,
			);
			defaultConfigurationIsVisible = 0;
		};
/* End XCConfigurationList section */
	};
	rootObject = 7EF55D961CD30E8A00BC51E9 /* Project object */;
}
